
Microsoft Visual Studio Solution File, Format Version 12.00
# Visual Studio Version 17
VisualStudioVersion = 17.13.35731.43
MinimumVisualStudioVersion = 10.0.40219.1
Project("{FAE04EC0-301F-11D3-BF4B-00C04F79EFBC}") = "DK2_ESS_UI_NEW", "..\DK2_ESS_UI_NEW\DK2_ESS_UI_NEW.csproj", "{0206B036-DE65-52FB-CFB0-2529E1FBA014}"
EndProject
Global
	GlobalSection(SolutionConfigurationPlatforms) = preSolution
		Debug|Any CPU = Debug|Any CPU
		Release|Any CPU = Release|Any CPU
	EndGlobalSection
	GlobalSection(ProjectConfigurationPlatforms) = postSolution
		{0206B036-DE65-52FB-CFB0-2529E1FBA014}.Debug|Any CPU.ActiveCfg = Debug|Any CPU
		{0206B036-DE65-52FB-CFB0-2529E1FBA014}.Debug|Any CPU.Build.0 = Debug|Any CPU
		{0206B036-DE65-52FB-CFB0-2529E1FBA014}.Release|Any CPU.ActiveCfg = Release|Any CPU
		{0206B036-DE65-52FB-CFB0-2529E1FBA014}.Release|Any CPU.Build.0 = Release|Any CPU
	EndGlobalSection
	GlobalSection(SolutionProperties) = preSolution
		HideSolutionNode = FALSE
	EndGlobalSection
	GlobalSection(ExtensibilityGlobals) = postSolution
		SolutionGuid = {1ABC30BD-5530-41A8-8BF7-CAEC3FA1CB79}
	EndGlobalSection
EndGlobal
